{
  "name": "monads",
  "lockfileVersion": 2,
  "requires": true,
  "packages": {
    "": {
      "dependencies": {
        "paretojs": "^3.7.0"
      }
    },
    "node_modules/paretojs": {
      "version": "3.7.0",
      "resolved": "https://registry.npmjs.org/paretojs/-/paretojs-3.7.0.tgz",
      "integrity": "sha512-Jl7XI1No9cAkeoYud7k+UOyXzIoolY5AXavTBaijJqeX6Zq9CL9s2NaDkdLhMqbnd4I5jDGok64/jkpf6mxb7A=="
    }
  },
  "dependencies": {
    "paretojs": {
      "version": "3.7.0",
      "resolved": "https://registry.npmjs.org/paretojs/-/paretojs-3.7.0.tgz",
      "integrity": "sha512-Jl7XI1No9cAkeoYud7k+UOyXzIoolY5AXavTBaijJqeX6Zq9CL9s2NaDkdLhMqbnd4I5jDGok64/jkpf6mxb7A=="
    }
  }
}
